{
  "projects": [
    {
      "projectId": "kFDyTAeFf3MnC92hZ9wrtE",
      "version": "latest",
      "dependencies": {},
      "lang": "js",
      "fileLocks": [
        {
          "type": "globalVariant",
          "assetId": "pV3ctVhdIxa3",
          "checksum": "dc280a2117f8206f5751e0c03ef231b0"
        },
        {
          "assetId": "kFDyTAeFf3MnC92hZ9wrtE",
          "type": "projectCss",
          "checksum": "e5d9f0bfc60799a305b75ded8b7a776d"
        },
        {
          "type": "renderModule",
          "assetId": "RDdHnM7jpi9M",
          "checksum": "680893206d4d4d61909a99df32f046de"
        },
        {
          "type": "cssRules",
          "assetId": "RDdHnM7jpi9M",
          "checksum": "680893206d4d4d61909a99df32f046de"
        },
        {
          "type": "icon",
          "assetId": "9COPD3d_CaZi",
          "checksum": "4613f8816b5d34ffd5b040b2faad3005"
        },
        {
          "type": "icon",
          "assetId": "Zh9q5KYOZawr",
          "checksum": "f887d778409949c93c6bb4aeb927d7e9"
        },
        {
          "type": "icon",
          "assetId": "V4l8SHQR4dUa",
          "checksum": "8016348e73f47f574f6c0a63c207bce2"
        },
        {
          "type": "icon",
          "assetId": "s8MTg0sXDnpS",
          "checksum": "7379e3b16d0187f70e8b12b3a9264eb0"
        },
        {
          "type": "icon",
          "assetId": "wY-1B7tYYWRV",
          "checksum": "c8fe0480d1e2abadce1b530fb5fe8f18"
        },
        {
          "type": "icon",
          "assetId": "Ym3VJX5raHEm",
          "checksum": "abc9c94cfd248f339e9648c3ff28cad2"
        },
        {
          "type": "icon",
          "assetId": "FgrckGAqia23",
          "checksum": "fbfe3170364998a34945a4713581ac2f"
        },
        {
          "type": "icon",
          "assetId": "erV2yh0GUVdk",
          "checksum": "5c2f4cbd3f537c65e36e6c9cc0754120"
        },
        {
          "type": "icon",
          "assetId": "_rWFmrSlxqWs",
          "checksum": "fe914f9cbdae5997b487172571b5b0a0"
        },
        {
          "type": "icon",
          "assetId": "zvzv1OZldRRC",
          "checksum": "5474852f40635e5331cc8d542925e5fd"
        },
        {
          "type": "icon",
          "assetId": "N-uwdh7VKBqc",
          "checksum": "1451dd41e48e83648efe99397361e979"
        },
        {
          "type": "icon",
          "assetId": "p4HEqsYg_V0v",
          "checksum": "d726875bf515167e3a658fe6c6d42c84"
        },
        {
          "type": "icon",
          "assetId": "gyZ21UpxXCua",
          "checksum": "d830205e8bd20598f088ac40903f476a"
        },
        {
          "type": "icon",
          "assetId": "v8iRYp7LM1aX",
          "checksum": "79d1ec2b0a73b514fd1feda6842252b7"
        },
        {
          "type": "icon",
          "assetId": "vIMWRcXJNYxU",
          "checksum": "a1da736754116008a83950be5a5ad234"
        },
        {
          "type": "icon",
          "assetId": "FbxghIzk7fqh",
          "checksum": "1f70d693547e35ea2c34a6e75eb64450"
        },
        {
          "type": "icon",
          "assetId": "065_6mjPY96Y",
          "checksum": "cb8b51cc91c45f6df156a2b44337984f"
        },
        {
          "type": "icon",
          "assetId": "ruvASvMvtIko",
          "checksum": "9e6dc6f145fe6cae2b04830c59352159"
        },
        {
          "type": "icon",
          "assetId": "nLSJBM5Phxvm",
          "checksum": "2b6d3bf6762aa8b6688abf8a065a8494"
        },
        {
          "type": "icon",
          "assetId": "UnNs5odLMKDT",
          "checksum": "2118175aee3f86e636b511f0838cad1a"
        },
        {
          "type": "icon",
          "assetId": "lKHVUNr_6MIk",
          "checksum": "ebd3252bf16951f955cd1641840eab0a"
        },
        {
          "type": "icon",
          "assetId": "pfj-LJmgyYUy",
          "checksum": "83a86baa96c3df261839cb20fe8cd44a"
        },
        {
          "type": "icon",
          "assetId": "Kc31JHlP3lQi",
          "checksum": "bf1bfa18614e6f0fe6d44bf4d1c04e6b"
        },
        {
          "type": "icon",
          "assetId": "GZkEcTnDvZ02",
          "checksum": "dd6eea9d4867308f58f10547b7b9e45c"
        },
        {
          "type": "icon",
          "assetId": "abzws4xrz_G6",
          "checksum": "6ae95acac1a6998ca3993ac7e8a5c025"
        },
        {
          "type": "icon",
          "assetId": "nO0Uwodgsd2X",
          "checksum": "d4726ebd24a8f8a48930210c776a392a"
        },
        {
          "type": "icon",
          "assetId": "iMXLLqKZRtTH",
          "checksum": "194add6a58684578a9adcfcf9b4b4a02"
        },
        {
          "type": "icon",
          "assetId": "1_TXuzkIbFMt",
          "checksum": "f3667335f6fdff1f3789d3ad1e5e2109"
        },
        {
          "type": "image",
          "assetId": "M2TRDVKzUjo8",
          "checksum": "e53efc0ae7d6dba46516bcfbbfea8136"
        },
        {
          "type": "image",
          "assetId": "VUuwI7zWIA5M",
          "checksum": "0d88308a28eafe257aa0def9a41e914d"
        },
        {
          "type": "image",
          "assetId": "UAjzClvetqxN",
          "checksum": "e1d287ca72b7955e7e25b42c96e392a2"
        },
        {
          "type": "image",
          "assetId": "XpCKhtRTDhAq",
          "checksum": "ddc33eb748e4c82020db33ac337a3c1e"
        },
        {
          "type": "image",
          "assetId": "Y9Z5iqg3LVUm",
          "checksum": "8d4682606844238ad789f556b3297660"
        },
        {
          "type": "image",
          "assetId": "G-l5MqZlToG6",
          "checksum": "bfbc9d778a3eb7470b9a6feec382c090"
        },
        {
          "type": "image",
          "assetId": "BANhQHRDy_id",
          "checksum": "3df001ed6b9505a861b4f2fcd787a851"
        },
        {
          "type": "image",
          "assetId": "mH7BVYFe-4pY",
          "checksum": "c300d721288c2c57bc5498e8255c2b73"
        },
        {
          "type": "image",
          "assetId": "FLMtKj96wtCg",
          "checksum": "f92e2a538bdc4e0a2e8b0f993c4d83d7"
        },
        {
          "type": "image",
          "assetId": "wrXA6lJb7B-7",
          "checksum": "818519fa7cbda8f417f4e26c7552cf52"
        },
        {
          "type": "image",
          "assetId": "T9_wUEgnoAfj",
          "checksum": "5e1e923791724b674a860fcfc36a4e27"
        },
        {
          "type": "image",
          "assetId": "aGDmER3IKfOL",
          "checksum": "608c6952ffab9ea0588af2b2255d4e72"
        },
        {
          "type": "image",
          "assetId": "anKK6_KTnMd_",
          "checksum": "9155a4ef174628f6503d613f7664dc8d"
        },
        {
          "type": "image",
          "assetId": "dLstOri_O70a",
          "checksum": "2f7b3f3057337bfc2924179c35b2ea83"
        },
        {
          "type": "image",
          "assetId": "w7Yayg-ZNXVw",
          "checksum": "e53ff3da5c5574763f153f1e601b99e4"
        },
        {
          "type": "image",
          "assetId": "TIVf7ni5DsH3",
          "checksum": "d8524a006413477cc9728771dc77861c"
        },
        {
          "type": "image",
          "assetId": "FKazXtN3CgDs",
          "checksum": "7ba0689065499ac4337c3783ea34653a"
        },
        {
          "type": "image",
          "assetId": "5THFYGAxMetN",
          "checksum": "06d1bc541808a55471d69061ee120100"
        },
        {
          "type": "image",
          "assetId": "lbGVXYZ51iRF",
          "checksum": "68aa350feaab79285640545978c468c7"
        },
        {
          "type": "image",
          "assetId": "WsLDO8OGwvJC",
          "checksum": "50adbd0f24e4a0764d34b487c658c035"
        },
        {
          "type": "image",
          "assetId": "fHhz1eO5C5tw",
          "checksum": "be4a76d10b39ec33ca7737f2976637ba"
        },
        {
          "type": "image",
          "assetId": "TqeyrR8ME9xh",
          "checksum": "54d6a55727799619ba8bac3202b2a111"
        },
        {
          "type": "image",
          "assetId": "XOAEu_7PEvxU",
          "checksum": "262e97b90e50056d8c5a3d9bd7459ed5"
        },
        {
          "type": "image",
          "assetId": "waaZ7iokTqZ1",
          "checksum": "86439eb392f0dae16bd17ea4f03e339d"
        },
        {
          "type": "image",
          "assetId": "YQTLn9ySNV0K",
          "checksum": "aa6f26f6e0d9f92f148161fa6f379bea"
        },
        {
          "type": "image",
          "assetId": "L0sqon4HBgtN",
          "checksum": "e607e2b6f1ab39d128e818cfd4b14564"
        },
        {
          "type": "image",
          "assetId": "q-o_XHLFbLBE",
          "checksum": "e6c1de159badf968fc6649943f9192a8"
        },
        {
          "type": "image",
          "assetId": "zug6eVpEtVsc",
          "checksum": "85cfadb3222f247c17eca1847054931b"
        },
        {
          "type": "image",
          "assetId": "mk_ijx8ixqK4",
          "checksum": "71c7f9966147fc6139bd2ab9046cb62c"
        },
        {
          "type": "image",
          "assetId": "WYckG1UgLfW-",
          "checksum": "af149cb41c74e5bb19c90a1326269ec6"
        },
        {
          "type": "image",
          "assetId": "7aoNqDBe7U0z",
          "checksum": "1d447711e59f6f216d5c9c6932d80dc4"
        },
        {
          "type": "image",
          "assetId": "FzpV9LvVoCPT",
          "checksum": "7b9e9892b84587895a4dc0c15a04f71a"
        },
        {
          "type": "image",
          "assetId": "S-bxBqOEBsrl",
          "checksum": "55f29c5a012c60f6f86da3f5aa15e619"
        },
        {
          "type": "image",
          "assetId": "b6cWtl0LbpLo",
          "checksum": "fd6816fa9295e27de9bfbcbd49bd0268"
        },
        {
          "type": "image",
          "assetId": "jJDa7YWgJIHF",
          "checksum": "213d9dfc0f32e0cbde5c5531c53b6d32"
        },
        {
          "type": "image",
          "assetId": "BqjUXWuFUV-N",
          "checksum": "d99d1b82096aea35fa1fb12460c7ecb7"
        },
        {
          "type": "image",
          "assetId": "XqEwWHu_JBvp",
          "checksum": "b37e6d9b9a64ec7e35b1c34d8b6e1a9c"
        },
        {
          "type": "image",
          "assetId": "3BAMH-mIFrHa",
          "checksum": "8c0b5895d9f8d4de64a406dc80f5a0e9"
        },
        {
          "type": "image",
          "assetId": "xkTI6uj_lHmT",
          "checksum": "3b0a6cea0087d2f173224aafc36eb931"
        },
        {
          "type": "image",
          "assetId": "OftAnsMc-RSU",
          "checksum": "9f7a3dc311b6c11100b57c3990ba7da6"
        },
        {
          "type": "image",
          "assetId": "ZCL-1jisDdQR",
          "checksum": "112e2dd895afe4649b133fcc97f95a24"
        },
        {
          "type": "image",
          "assetId": "iut8DHK7a6vV",
          "checksum": "e1c61b34f7d4b571f026d6cf4a698e3d"
        },
        {
          "type": "image",
          "assetId": "XUNLGxfXej7l",
          "checksum": "4cc06b7a313a6d34add352144266e1e0"
        },
        {
          "type": "image",
          "assetId": "amskGAAFfpz9",
          "checksum": "942b9c406d8a4400d4851f62a49edba3"
        },
        {
          "type": "image",
          "assetId": "FWZiThz3PR3C",
          "checksum": "0dfddebbe968b1a027db004941a8178e"
        },
        {
          "type": "image",
          "assetId": "mdsMUYreik6L",
          "checksum": "80add887a4eb8324153eb760bcce88d3"
        },
        {
          "type": "image",
          "assetId": "AZPXOuI01n04",
          "checksum": "27d7d8126ced371d5c8751c56e1d8ef7"
        },
        {
          "type": "image",
          "assetId": "h-_Mlf9BsPtL",
          "checksum": "3e770f1832c8ff7db6bc10fc9d6d4f1c"
        },
        {
          "type": "image",
          "assetId": "dtACKQtYrJ16",
          "checksum": "cbcbbf6b02d9b800715c16a2e4a894e5"
        },
        {
          "type": "image",
          "assetId": "im7-unJrU-oX",
          "checksum": "3576f235b1aaf0bbd18918943e165eb4"
        },
        {
          "type": "image",
          "assetId": "t0OtK35L_FGa",
          "checksum": "a32fe4a9a26a175d79265450fcabe9a7"
        },
        {
          "type": "image",
          "assetId": "KZLcpqgHGdom",
          "checksum": "8b6c7398119b98620731115c5c540abd"
        },
        {
          "type": "image",
          "assetId": "jFFRuATHxvo5",
          "checksum": "af29fd3521f331cb706191ccd53d0f27"
        },
        {
          "type": "image",
          "assetId": "NyUtbsFIELbe",
          "checksum": "1ce14072f02f1770a610841d01db354b"
        },
        {
          "type": "image",
          "assetId": "D8qLXhsidzgL",
          "checksum": "0c48c96eee51a7ac60b67dcdc630990d"
        },
        {
          "type": "image",
          "assetId": "Q8WtM_MT1T37",
          "checksum": "fac03eee9b8c34e8676413c162ffa2c3"
        },
        {
          "type": "image",
          "assetId": "YBweG4tD8VY4",
          "checksum": "676d1976d31f98c238f28d2561c0717e"
        }
      ],
      "codegenVersion": "0.0.1"
    }
  ],
  "cliVersion": "0.1.334"
}
